
Microsoft Visual Studio Solution File, Format Version 12.00
# Visual Studio 15
VisualStudioVersion = 15.0.27428.2037
MinimumVisualStudioVersion = 10.0.40219.1
Project("{FAE04EC0-301F-11D3-BF4B-00C04F79EFBC}") = "Calculus", "Calculus\Calculus.csproj", "{D4A89914-7502-4A45-9449-CB22B065FDA6}"
EndProject
Global
	GlobalSection(SolutionConfigurationPlatforms) = preSolution
		Debug|Any CPU = Debug|Any CPU
		Release|Any CPU = Release|Any CPU
	EndGlobalSection
	GlobalSection(ProjectConfigurationPlatforms) = postSolution
		{D4A89914-7502-4A45-9449-CB22B065FDA6}.Debug|Any CPU.ActiveCfg = Debug|Any CPU
		{D4A89914-7502-4A45-9449-CB22B065FDA6}.Debug|Any CPU.Build.0 = Debug|Any CPU
		{D4A89914-7502-4A45-9449-CB22B065FDA6}.Release|Any CPU.ActiveCfg = Release|Any CPU
		{D4A89914-7502-4A45-9449-CB22B065FDA6}.Release|Any CPU.Build.0 = Release|Any CPU
	EndGlobalSection
	GlobalSection(SolutionProperties) = preSolution
		HideSolutionNode = FALSE
	EndGlobalSection
	GlobalSection(ExtensibilityGlobals) = postSolution
		SolutionGuid = {37B4F2E3-3420-4092-8752-D78C7571A10B}
	EndGlobalSection
EndGlobal
